// !$*UTF8*$!
{
	archiveVersion = 1;
	classes = {
	};
	objectVersion = 56;
	objects = {

/* Begin PBXBuildFile section */
		284ABD872D4DB8390036B99B /* opwatcherApp.swift in Sources */ = {isa = PBXBuildFile; fileRef = 284ABD862D4DB8390036B99B /* opwatcherApp.swift */; };
		284ABD892D4DB8390036B99B /* ContentView.swift in Sources */ = {isa = PBXBuildFile; fileRef = 284ABD882D4DB8390036B99B /* ContentView.swift */; };
		284ABD8B2D4DB83C0036B99B /* Assets.xcassets in Resources */ = {isa = PBXBuildFile; fileRef = 284ABD8A2D4DB83C0036B99B /* Assets.xcassets */; };
		284ABD8E2D4DB83C0036B99B /* Preview Assets.xcassets in Resources */ = {isa = PBXBuildFile; fileRef = 284ABD8D2D4DB83C0036B99B /* Preview Assets.xcassets */; };
		284ABD992D4DB83D0036B99B /* opwatcherTests.swift in Sources */ = {isa = PBXBuildFile; fileRef = 284ABD982D4DB83D0036B99B /* opwatcherTests.swift */; };
		284ABDA32D4DB83D0036B99B /* opwatcherUITests.swift in Sources */ = {isa = PBXBuildFile; fileRef = 284ABDA22D4DB83D0036B99B /* opwatcherUITests.swift */; };
		284ABDA52D4DB83D0036B99B /* opwatcherUITestsLaunchTests.swift in Sources */ = {isa = PBXBuildFile; fileRef = 284ABDA42D4DB83D0036B99B /* opwatcherUITestsLaunchTests.swift */; };
		2899BD042D5104C800D92E8E /* EpisodePlayerView.swift in Sources */ = {isa = PBXBuildFile; fileRef = 2899BD032D5104C800D92E8E /* EpisodePlayerView.swift */; };
		28B537612D51D9AE00C05403 /* AVKit.framework in Frameworks */ = {isa = PBXBuildFile; fileRef = 28A4EFC02D50470800FFEC30 /* AVKit.framework */; };
/* End PBXBuildFile section */

/* Begin PBXContainerItemProxy section */
		284ABD952D4DB83D0036B99B /* PBXContainerItemProxy */ = {
			isa = PBXContainerItemProxy;
			containerPortal = 284ABD7B2D4DB8390036B99B /* Project object */;
			proxyType = 1;
			remoteGlobalIDString = 284ABD822D4DB8390036B99B;
			remoteInfo = opwatcher;
		};
		284ABD9F2D4DB83D0036B99B /* PBXContainerItemProxy */ = {
			isa = PBXContainerItemProxy;
			containerPortal = 284ABD7B2D4DB8390036B99B /* Project object */;
			proxyType = 1;
			remoteGlobalIDString = 284ABD822D4DB8390036B99B;
			remoteInfo = opwatcher;
		};
/* End PBXContainerItemProxy section */

/* Begin PBXFileReference section */
		284ABD832D4DB8390036B99B /* One Piece Watcher.app */ = {isa = PBXFileReference; explicitFileType = wrapper.application; includeInIndex = 0; path = "One Piece Watcher.app"; sourceTree = BUILT_PRODUCTS_DIR; };
		284ABD862D4DB8390036B99B /* opwatcherApp.swift */ = {isa = PBXFileReference; lastKnownFileType = sourcecode.swift; path = opwatcherApp.swift; sourceTree = "<group>"; };
		284ABD882D4DB8390036B99B /* ContentView.swift */ = {isa = PBXFileReference; lastKnownFileType = sourcecode.swift; path = ContentView.swift; sourceTree = "<group>"; };
		284ABD8A2D4DB83C0036B99B /* Assets.xcassets */ = {isa = PBXFileReference; lastKnownFileType = folder.assetcatalog; path = Assets.xcassets; sourceTree = "<group>"; };
		284ABD8D2D4DB83C0036B99B /* Preview Assets.xcassets */ = {isa = PBXFileReference; lastKnownFileType = folder.assetcatalog; path = "Preview Assets.xcassets"; sourceTree = "<group>"; };
		284ABD8F2D4DB83C0036B99B /* opwatcher.entitlements */ = {isa = PBXFileReference; lastKnownFileType = text.plist.entitlements; path = opwatcher.entitlements; sourceTree = "<group>"; };
		284ABD942D4DB83D0036B99B /* One Piece WatcherTests.xctest */ = {isa = PBXFileReference; explicitFileType = wrapper.cfbundle; includeInIndex = 0; path = "One Piece WatcherTests.xctest"; sourceTree = BUILT_PRODUCTS_DIR; };
		284ABD982D4DB83D0036B99B /* opwatcherTests.swift */ = {isa = PBXFileReference; lastKnownFileType = sourcecode.swift; path = opwatcherTests.swift; sourceTree = "<group>"; };
		284ABD9E2D4DB83D0036B99B /* One Piece WatcherUITests.xctest */ = {isa = PBXFileReference; explicitFileType = wrapper.cfbundle; includeInIndex = 0; path = "One Piece WatcherUITests.xctest"; sourceTree = BUILT_PRODUCTS_DIR; };
		284ABDA22D4DB83D0036B99B /* opwatcherUITests.swift */ = {isa = PBXFileReference; lastKnownFileType = sourcecode.swift; path = opwatcherUITests.swift; sourceTree = "<group>"; };
		284ABDA42D4DB83D0036B99B /* opwatcherUITestsLaunchTests.swift */ = {isa = PBXFileReference; lastKnownFileType = sourcecode.swift; path = opwatcherUITestsLaunchTests.swift; sourceTree = "<group>"; };
		2899BD032D5104C800D92E8E /* EpisodePlayerView.swift */ = {isa = PBXFileReference; lastKnownFileType = sourcecode.swift; path = EpisodePlayerView.swift; sourceTree = "<group>"; };
		28A4EFC02D50470800FFEC30 /* AVKit.framework */ = {isa = PBXFileReference; lastKnownFileType = wrapper.framework; name = AVKit.framework; path = System/Library/Frameworks/AVKit.framework; sourceTree = SDKROOT; };
/* End PBXFileReference section */

/* Begin PBXFrameworksBuildPhase section */
		284ABD802D4DB8390036B99B /* Frameworks */ = {
			isa = PBXFrameworksBuildPhase;
			buildActionMask = 2147483647;
			files = (
				28B537612D51D9AE00C05403 /* AVKit.framework in Frameworks */,
			);
			runOnlyForDeploymentPostprocessing = 0;
		};
		284ABD912D4DB83D0036B99B /* Frameworks */ = {
			isa = PBXFrameworksBuildPhase;
			buildActionMask = 2147483647;
			files = (
			);
			runOnlyForDeploymentPostprocessing = 0;
		};
		284ABD9B2D4DB83D0036B99B /* Frameworks */ = {
			isa = PBXFrameworksBuildPhase;
			buildActionMask = 2147483647;
			files = (
			);
			runOnlyForDeploymentPostprocessing = 0;
		};
/* End PBXFrameworksBuildPhase section */

/* Begin PBXGroup section */
		284ABD7A2D4DB8390036B99B = {
			isa = PBXGroup;
			children = (
				284ABD852D4DB8390036B99B /* opwatcher */,
				284ABD972D4DB83D0036B99B /* opwatcherTests */,
				284ABDA12D4DB83D0036B99B /* opwatcherUITests */,
				284ABD842D4DB8390036B99B /* Products */,
				28A4EFBF2D50470800FFEC30 /* Frameworks */,
			);
			sourceTree = "<group>";
			usesTabs = 0;
			wrapsLines = 1;
		};
		284ABD842D4DB8390036B99B /* Products */ = {
			isa = PBXGroup;
			children = (
				284ABD832D4DB8390036B99B /* One Piece Watcher.app */,
				284ABD942D4DB83D0036B99B /* One Piece WatcherTests.xctest */,
				284ABD9E2D4DB83D0036B99B /* One Piece WatcherUITests.xctest */,
			);
			name = Products;
			sourceTree = "<group>";
		};
		284ABD852D4DB8390036B99B /* opwatcher */ = {
			isa = PBXGroup;
			children = (
				284ABD862D4DB8390036B99B /* opwatcherApp.swift */,
				284ABD882D4DB8390036B99B /* ContentView.swift */,
				2899BD032D5104C800D92E8E /* EpisodePlayerView.swift */,
				284ABD8A2D4DB83C0036B99B /* Assets.xcassets */,
				284ABD8F2D4DB83C0036B99B /* opwatcher.entitlements */,
				284ABD8C2D4DB83C0036B99B /* Preview Content */,
			);
			path = opwatcher;
			sourceTree = "<group>";
		};
		284ABD8C2D4DB83C0036B99B /* Preview Content */ = {
			isa = PBXGroup;
			children = (
				284ABD8D2D4DB83C0036B99B /* Preview Assets.xcassets */,
			);
			path = "Preview Content";
			sourceTree = "<group>";
		};
		284ABD972D4DB83D0036B99B /* opwatcherTests */ = {
			isa = PBXGroup;
			children = (
				284ABD982D4DB83D0036B99B /* opwatcherTests.swift */,
			);
			path = opwatcherTests;
			sourceTree = "<group>";
		};
		284ABDA12D4DB83D0036B99B /* opwatcherUITests */ = {
			isa = PBXGroup;
			children = (
				284ABDA22D4DB83D0036B99B /* opwatcherUITests.swift */,
				284ABDA42D4DB83D0036B99B /* opwatcherUITestsLaunchTests.swift */,
			);
			path = opwatcherUITests;
			sourceTree = "<group>";
		};
		28A4EFBF2D50470800FFEC30 /* Frameworks */ = {
			isa = PBXGroup;
			children = (
				28A4EFC02D50470800FFEC30 /* AVKit.framework */,
			);
			name = Frameworks;
			sourceTree = "<group>";
		};
/* End PBXGroup section */

/* Begin PBXNativeTarget section */
		284ABD822D4DB8390036B99B /* One Piece Watcher */ = {
			isa = PBXNativeTarget;
			buildConfigurationList = 284ABDA82D4DB83D0036B99B /* Build configuration list for PBXNativeTarget "One Piece Watcher" */;
			buildPhases = (
				284ABD7F2D4DB8390036B99B /* Sources */,
				284ABD802D4DB8390036B99B /* Frameworks */,
				284ABD812D4DB8390036B99B /* Resources */,
			);
			buildRules = (
			);
			dependencies = (
			);
			name = "One Piece Watcher";
			packageProductDependencies = (
			);
			productName = opwatcher;
			productReference = 284ABD832D4DB8390036B99B /* One Piece Watcher.app */;
			productType = "com.apple.product-type.application";
		};
		284ABD932D4DB83D0036B99B /* One Piece WatcherTests */ = {
			isa = PBXNativeTarget;
			buildConfigurationList = 284ABDAB2D4DB83D0036B99B /* Build configuration list for PBXNativeTarget "One Piece WatcherTests" */;
			buildPhases = (
				284ABD902D4DB83D0036B99B /* Sources */,
				284ABD912D4DB83D0036B99B /* Frameworks */,
				284ABD922D4DB83D0036B99B /* Resources */,
			);
			buildRules = (
			);
			dependencies = (
				284ABD962D4DB83D0036B99B /* PBXTargetDependency */,
			);
			name = "One Piece WatcherTests";
			productName = opwatcherTests;
			productReference = 284ABD942D4DB83D0036B99B /* One Piece WatcherTests.xctest */;
			productType = "com.apple.product-type.bundle.unit-test";
		};
		284ABD9D2D4DB83D0036B99B /* One Piece WatcherUITests */ = {
			isa = PBXNativeTarget;
			buildConfigurationList = 284ABDAE2D4DB83D0036B99B /* Build configuration list for PBXNativeTarget "One Piece WatcherUITests" */;
			buildPhases = (
				284ABD9A2D4DB83D0036B99B /* Sources */,
				284ABD9B2D4DB83D0036B99B /* Frameworks */,
				284ABD9C2D4DB83D0036B99B /* Resources */,
			);
			buildRules = (
			);
			dependencies = (
				284ABDA02D4DB83D0036B99B /* PBXTargetDependency */,
			);
			name = "One Piece WatcherUITests";
			productName = opwatcherUITests;
			productReference = 284ABD9E2D4DB83D0036B99B /* One Piece WatcherUITests.xctest */;
			productType = "com.apple.product-type.bundle.ui-testing";
		};
/* End PBXNativeTarget section */

/* Begin PBXProject section */
		284ABD7B2D4DB8390036B99B /* Project object */ = {
			isa = PBXProject;
			attributes = {
				BuildIndependentTargetsInParallel = 1;
				LastSwiftUpdateCheck = 1420;
				LastUpgradeCheck = 1620;
				TargetAttributes = {
					284ABD822D4DB8390036B99B = {
						CreatedOnToolsVersion = 14.2;
					};
					284ABD932D4DB83D0036B99B = {
						CreatedOnToolsVersion = 14.2;
						TestTargetID = 284ABD822D4DB8390036B99B;
					};
					284ABD9D2D4DB83D0036B99B = {
						CreatedOnToolsVersion = 14.2;
						TestTargetID = 284ABD822D4DB8390036B99B;
					};
				};
			};
			buildConfigurationList = 284ABD7E2D4DB8390036B99B /* Build configuration list for PBXProject "One Piece Watcher" */;
			compatibilityVersion = "Xcode 14.0";
			developmentRegion = en;
			hasScannedForEncodings = 0;
			knownRegions = (
				en,
				Base,
			);
			mainGroup = 284ABD7A2D4DB8390036B99B;
			packageReferences = (
			);
			productRefGroup = 284ABD842D4DB8390036B99B /* Products */;
			projectDirPath = "";
			projectRoot = "";
			targets = (
				284ABD822D4DB8390036B99B /* One Piece Watcher */,
				284ABD932D4DB83D0036B99B /* One Piece WatcherTests */,
				284ABD9D2D4DB83D0036B99B /* One Piece WatcherUITests */,
			);
		};
/* End PBXProject section */

/* Begin PBXResourcesBuildPhase section */
		284ABD812D4DB8390036B99B /* Resources */ = {
			isa = PBXResourcesBuildPhase;
			buildActionMask = 2147483647;
			files = (
				284ABD8E2D4DB83C0036B99B /* Preview Assets.xcassets in Resources */,
				284ABD8B2D4DB83C0036B99B /* Assets.xcassets in Resources */,
			);
			runOnlyForDeploymentPostprocessing = 0;
		};
		284ABD922D4DB83D0036B99B /* Resources */ = {
			isa = PBXResourcesBuildPhase;
			buildActionMask = 2147483647;
			files = (
			);
			runOnlyForDeploymentPostprocessing = 0;
		};
		284ABD9C2D4DB83D0036B99B /* Resources */ = {
			isa = PBXResourcesBuildPhase;
			buildActionMask = 2147483647;
			files = (
			);
			runOnlyForDeploymentPostprocessing = 0;
		};
/* End PBXResourcesBuildPhase section */

/* Begin PBXSourcesBuildPhase section */
		284ABD7F2D4DB8390036B99B /* Sources */ = {
			isa = PBXSourcesBuildPhase;
			buildActionMask = 2147483647;
			files = (
				284ABD892D4DB8390036B99B /* ContentView.swift in Sources */,
				284ABD872D4DB8390036B99B /* opwatcherApp.swift in Sources */,
				2899BD042D5104C800D92E8E /* EpisodePlayerView.swift in Sources */,
			);
			runOnlyForDeploymentPostprocessing = 0;
		};
		284ABD902D4DB83D0036B99B /* Sources */ = {
			isa = PBXSourcesBuildPhase;
			buildActionMask = 2147483647;
			files = (
				284ABD992D4DB83D0036B99B /* opwatcherTests.swift in Sources */,
			);
			runOnlyForDeploymentPostprocessing = 0;
		};
		284ABD9A2D4DB83D0036B99B /* Sources */ = {
			isa = PBXSourcesBuildPhase;
			buildActionMask = 2147483647;
			files = (
				284ABDA52D4DB83D0036B99B /* opwatcherUITestsLaunchTests.swift in Sources */,
				284ABDA32D4DB83D0036B99B /* opwatcherUITests.swift in Sources */,
			);
			runOnlyForDeploymentPostprocessing = 0;
		};
/* End PBXSourcesBuildPhase section */

/* Begin PBXTargetDependency section */
		284ABD962D4DB83D0036B99B /* PBXTargetDependency */ = {
			isa = PBXTargetDependency;
			target = 284ABD822D4DB8390036B99B /* One Piece Watcher */;
			targetProxy = 284ABD952D4DB83D0036B99B /* PBXContainerItemProxy */;
		};
		284ABDA02D4DB83D0036B99B /* PBXTargetDependency */ = {
			isa = PBXTargetDependency;
			target = 284ABD822D4DB8390036B99B /* One Piece Watcher */;
			targetProxy = 284ABD9F2D4DB83D0036B99B /* PBXContainerItemProxy */;
		};
/* End PBXTargetDependency section */

/* Begin XCBuildConfiguration section */
		284ABDA62D4DB83D0036B99B /* Debug */ = {
			isa = XCBuildConfiguration;
			buildSettings = {
				ALWAYS_SEARCH_USER_PATHS = NO;
				CLANG_ANALYZER_NONNULL = YES;
				CLANG_ANALYZER_NUMBER_OBJECT_CONVERSION = YES_AGGRESSIVE;
				CLANG_CXX_LANGUAGE_STANDARD = "gnu++20";
				CLANG_ENABLE_MODULES = YES;
				CLANG_ENABLE_OBJC_ARC = YES;
				CLANG_ENABLE_OBJC_WEAK = YES;
				CLANG_WARN_BLOCK_CAPTURE_AUTORELEASING = YES;
				CLANG_WARN_BOOL_CONVERSION = YES;
				CLANG_WARN_COMMA = YES;
				CLANG_WARN_CONSTANT_CONVERSION = YES;
				CLANG_WARN_DEPRECATED_OBJC_IMPLEMENTATIONS = YES;
				CLANG_WARN_DIRECT_OBJC_ISA_USAGE = YES_ERROR;
				CLANG_WARN_DOCUMENTATION_COMMENTS = YES;
				CLANG_WARN_EMPTY_BODY = YES;
				CLANG_WARN_ENUM_CONVERSION = YES;
				CLANG_WARN_INFINITE_RECURSION = YES;
				CLANG_WARN_INT_CONVERSION = YES;
				CLANG_WARN_NON_LITERAL_NULL_CONVERSION = YES;
				CLANG_WARN_OBJC_IMPLICIT_RETAIN_SELF = YES;
				CLANG_WARN_OBJC_LITERAL_CONVERSION = YES;
				CLANG_WARN_OBJC_ROOT_CLASS = YES_ERROR;
				CLANG_WARN_QUOTED_INCLUDE_IN_FRAMEWORK_HEADER = YES;
				CLANG_WARN_RANGE_LOOP_ANALYSIS = YES;
				CLANG_WARN_STRICT_PROTOTYPES = YES;
				CLANG_WARN_SUSPICIOUS_MOVE = YES;
				CLANG_WARN_UNGUARDED_AVAILABILITY = YES_AGGRESSIVE;
				CLANG_WARN_UNREACHABLE_CODE = YES;
				CLANG_WARN__DUPLICATE_METHOD_MATCH = YES;
				COPY_PHASE_STRIP = NO;
				DEAD_CODE_STRIPPING = YES;
				DEBUG_INFORMATION_FORMAT = dwarf;
				ENABLE_STRICT_OBJC_MSGSEND = YES;
				ENABLE_TESTABILITY = YES;
				ENABLE_USER_SCRIPT_SANDBOXING = YES;
				GCC_C_LANGUAGE_STANDARD = gnu11;
				GCC_DYNAMIC_NO_PIC = NO;
				GCC_NO_COMMON_BLOCKS = YES;
				GCC_OPTIMIZATION_LEVEL = 0;
				GCC_PREPROCESSOR_DEFINITIONS = (
					"DEBUG=1",
					"$(inherited)",
				);
				GCC_WARN_64_TO_32_BIT_CONVERSION = YES;
				GCC_WARN_ABOUT_RETURN_TYPE = YES_ERROR;
				GCC_WARN_UNDECLARED_SELECTOR = YES;
				GCC_WARN_UNINITIALIZED_AUTOS = YES_AGGRESSIVE;
				GCC_WARN_UNUSED_FUNCTION = YES;
				GCC_WARN_UNUSED_VARIABLE = YES;
				MACOSX_DEPLOYMENT_TARGET = 12.4;
				MTL_ENABLE_DEBUG_INFO = INCLUDE_SOURCE;
				MTL_FAST_MATH = YES;
				ONLY_ACTIVE_ARCH = YES;
				SDKROOT = macosx;
				SWIFT_ACTIVE_COMPILATION_CONDITIONS = DEBUG;
				SWIFT_OPTIMIZATION_LEVEL = "-Onone";
			};
			name = Debug;
		};
		284ABDA72D4DB83D0036B99B /* Release */ = {
			isa = XCBuildConfiguration;
			buildSettings = {
				ALWAYS_SEARCH_USER_PATHS = NO;
				CLANG_ANALYZER_NONNULL = YES;
				CLANG_ANALYZER_NUMBER_OBJECT_CONVERSION = YES_AGGRESSIVE;
				CLANG_CXX_LANGUAGE_STANDARD = "gnu++20";
				CLANG_ENABLE_MODULES = YES;
				CLANG_ENABLE_OBJC_ARC = YES;
				CLANG_ENABLE_OBJC_WEAK = YES;
				CLANG_WARN_BLOCK_CAPTURE_AUTORELEASING = YES;
				CLANG_WARN_BOOL_CONVERSION = YES;
				CLANG_WARN_COMMA = YES;
				CLANG_WARN_CONSTANT_CONVERSION = YES;
				CLANG_WARN_DEPRECATED_OBJC_IMPLEMENTATIONS = YES;
				CLANG_WARN_DIRECT_OBJC_ISA_USAGE = YES_ERROR;
				CLANG_WARN_DOCUMENTATION_COMMENTS = YES;
				CLANG_WARN_EMPTY_BODY = YES;
				CLANG_WARN_ENUM_CONVERSION = YES;
				CLANG_WARN_INFINITE_RECURSION = YES;
				CLANG_WARN_INT_CONVERSION = YES;
				CLANG_WARN_NON_LITERAL_NULL_CONVERSION = YES;
				CLANG_WARN_OBJC_IMPLICIT_RETAIN_SELF = YES;
				CLANG_WARN_OBJC_LITERAL_CONVERSION = YES;
				CLANG_WARN_OBJC_ROOT_CLASS = YES_ERROR;
				CLANG_WARN_QUOTED_INCLUDE_IN_FRAMEWORK_HEADER = YES;
				CLANG_WARN_RANGE_LOOP_ANALYSIS = YES;
				CLANG_WARN_STRICT_PROTOTYPES = YES;
				CLANG_WARN_SUSPICIOUS_MOVE = YES;
				CLANG_WARN_UNGUARDED_AVAILABILITY = YES_AGGRESSIVE;
				CLANG_WARN_UNREACHABLE_CODE = YES;
				CLANG_WARN__DUPLICATE_METHOD_MATCH = YES;
				COPY_PHASE_STRIP = NO;
				DEAD_CODE_STRIPPING = YES;
				DEBUG_INFORMATION_FORMAT = "dwarf-with-dsym";
				ENABLE_NS_ASSERTIONS = NO;
				ENABLE_STRICT_OBJC_MSGSEND = YES;
				ENABLE_USER_SCRIPT_SANDBOXING = YES;
				GCC_C_LANGUAGE_STANDARD = gnu11;
				GCC_NO_COMMON_BLOCKS = YES;
				GCC_WARN_64_TO_32_BIT_CONVERSION = YES;
				GCC_WARN_ABOUT_RETURN_TYPE = YES_ERROR;
				GCC_WARN_UNDECLARED_SELECTOR = YES;
				GCC_WARN_UNINITIALIZED_AUTOS = YES_AGGRESSIVE;
				GCC_WARN_UNUSED_FUNCTION = YES;
				GCC_WARN_UNUSED_VARIABLE = YES;
				MACOSX_DEPLOYMENT_TARGET = 12.4;
				MTL_ENABLE_DEBUG_INFO = NO;
				MTL_FAST_MATH = YES;
				SDKROOT = macosx;
				SWIFT_COMPILATION_MODE = wholemodule;
				SWIFT_OPTIMIZATION_LEVEL = "-O";
			};
			name = Release;
		};
		284ABDA92D4DB83D0036B99B /* Debug */ = {
			isa = XCBuildConfiguration;
			buildSettings = {
				ASSETCATALOG_COMPILER_APPICON_NAME = AppIcon;
				ASSETCATALOG_COMPILER_GLOBAL_ACCENT_COLOR_NAME = AccentColor;
				CODE_SIGN_ENTITLEMENTS = opwatcher/opwatcher.entitlements;
				CODE_SIGN_IDENTITY = "Apple Development";
				"CODE_SIGN_IDENTITY[sdk=macosx*]" = "Apple Development";
				CODE_SIGN_STYLE = Automatic;
				COMBINE_HIDPI_IMAGES = YES;
				CURRENT_PROJECT_VERSION = 1;
				DEAD_CODE_STRIPPING = YES;
				DEVELOPMENT_ASSET_PATHS = "\"opwatcher/Preview Content\"";
				DEVELOPMENT_TEAM = HHUUMQHHAJ;
				ENABLE_HARDENED_RUNTIME = YES;
				ENABLE_PREVIEWS = YES;
				GENERATE_INFOPLIST_FILE = YES;
				INFOPLIST_FILE = "One-Piece-Watcher-Info.plist";
				INFOPLIST_KEY_CFBundleDisplayName = "One Piece Watcher";
				INFOPLIST_KEY_NSHumanReadableCopyright = "";
				LD_RUNPATH_SEARCH_PATHS = (
					"$(inherited)",
					"@executable_path/../Frameworks",
				);
				MACOSX_DEPLOYMENT_TARGET = 13.5;
				MARKETING_VERSION = 1.0;
				PRODUCT_BUNDLE_IDENTIFIER = com.skippydream.opwatcher;
				PRODUCT_NAME = "$(TARGET_NAME)";
				PROVISIONING_PROFILE_SPECIFIER = "";
				SWIFT_EMIT_LOC_STRINGS = YES;
				SWIFT_VERSION = 5.0;
			};
			name = Debug;
		};
		284ABDAA2D4DB83D0036B99B /* Release */ = {
			isa = XCBuildConfiguration;
			buildSettings = {
				ASSETCATALOG_COMPILER_APPICON_NAME = AppIcon;
				ASSETCATALOG_COMPILER_GLOBAL_ACCENT_COLOR_NAME = AccentColor;
				CODE_SIGN_ENTITLEMENTS = opwatcher/opwatcher.entitlements;
				CODE_SIGN_IDENTITY = "Apple Development";
				"CODE_SIGN_IDENTITY[sdk=macosx*]" = "Apple Development";
				CODE_SIGN_STYLE = Automatic;
				COMBINE_HIDPI_IMAGES = YES;
				CURRENT_PROJECT_VERSION = 1;
				DEAD_CODE_STRIPPING = YES;
				DEVELOPMENT_ASSET_PATHS = "\"opwatcher/Preview Content\"";
				DEVELOPMENT_TEAM = HHUUMQHHAJ;
				ENABLE_HARDENED_RUNTIME = YES;
				ENABLE_PREVIEWS = YES;
				GENERATE_INFOPLIST_FILE = YES;
				INFOPLIST_FILE = "One-Piece-Watcher-Info.plist";
				INFOPLIST_KEY_CFBundleDisplayName = "One Piece Watcher";
				INFOPLIST_KEY_NSHumanReadableCopyright = "";
				LD_RUNPATH_SEARCH_PATHS = (
					"$(inherited)",
					"@executable_path/../Frameworks",
				);
				MACOSX_DEPLOYMENT_TARGET = 13.5;
				MARKETING_VERSION = 1.0;
				PRODUCT_BUNDLE_IDENTIFIER = com.skippydream.opwatcher;
				PRODUCT_NAME = "$(TARGET_NAME)";
				PROVISIONING_PROFILE_SPECIFIER = "";
				SWIFT_EMIT_LOC_STRINGS = YES;
				SWIFT_VERSION = 5.0;
			};
			name = Release;
		};
		284ABDAC2D4DB83D0036B99B /* Debug */ = {
			isa = XCBuildConfiguration;
			buildSettings = {
				BUNDLE_LOADER = "$(TEST_HOST)";
				CODE_SIGN_STYLE = Automatic;
				CURRENT_PROJECT_VERSION = 1;
				DEAD_CODE_STRIPPING = YES;
				DEVELOPMENT_TEAM = HHUUMQHHAJ;
				GENERATE_INFOPLIST_FILE = YES;
				MACOSX_DEPLOYMENT_TARGET = 12.7;
				MARKETING_VERSION = 1.0;
				PRODUCT_BUNDLE_IDENTIFIER = com.skippydream.opwatcherTests;
				PRODUCT_NAME = "$(TARGET_NAME)";
				SWIFT_EMIT_LOC_STRINGS = NO;
				SWIFT_VERSION = 5.0;
				TEST_HOST = "$(BUILT_PRODUCTS_DIR)/One Piece Watcher.app/$(BUNDLE_EXECUTABLE_FOLDER_PATH)/One Piece Watcher";
			};
			name = Debug;
		};
		284ABDAD2D4DB83D0036B99B /* Release */ = {
			isa = XCBuildConfiguration;
			buildSettings = {
				BUNDLE_LOADER = "$(TEST_HOST)";
				CODE_SIGN_STYLE = Automatic;
				CURRENT_PROJECT_VERSION = 1;
				DEAD_CODE_STRIPPING = YES;
				DEVELOPMENT_TEAM = HHUUMQHHAJ;
				GENERATE_INFOPLIST_FILE = YES;
				MACOSX_DEPLOYMENT_TARGET = 12.7;
				MARKETING_VERSION = 1.0;
				PRODUCT_BUNDLE_IDENTIFIER = com.skippydream.opwatcherTests;
				PRODUCT_NAME = "$(TARGET_NAME)";
				SWIFT_EMIT_LOC_STRINGS = NO;
				SWIFT_VERSION = 5.0;
				TEST_HOST = "$(BUILT_PRODUCTS_DIR)/One Piece Watcher.app/$(BUNDLE_EXECUTABLE_FOLDER_PATH)/One Piece Watcher";
			};
			name = Release;
		};
		284ABDAF2D4DB83D0036B99B /* Debug */ = {
			isa = XCBuildConfiguration;
			buildSettings = {
				CODE_SIGN_STYLE = Automatic;
				CURRENT_PROJECT_VERSION = 1;
				DEAD_CODE_STRIPPING = YES;
				DEVELOPMENT_TEAM = HHUUMQHHAJ;
				GENERATE_INFOPLIST_FILE = YES;
				MARKETING_VERSION = 1.0;
				PRODUCT_BUNDLE_IDENTIFIER = com.skippydream.opwatcherUITests;
				PRODUCT_NAME = "$(TARGET_NAME)";
				SWIFT_EMIT_LOC_STRINGS = NO;
				SWIFT_VERSION = 5.0;
				TEST_TARGET_NAME = opwatcher;
			};
			name = Debug;
		};
		284ABDB02D4DB83D0036B99B /* Release */ = {
			isa = XCBuildConfiguration;
			buildSettings = {
				CODE_SIGN_STYLE = Automatic;
				CURRENT_PROJECT_VERSION = 1;
				DEAD_CODE_STRIPPING = YES;
				DEVELOPMENT_TEAM = HHUUMQHHAJ;
				GENERATE_INFOPLIST_FILE = YES;
				MARKETING_VERSION = 1.0;
				PRODUCT_BUNDLE_IDENTIFIER = com.skippydream.opwatcherUITests;
				PRODUCT_NAME = "$(TARGET_NAME)";
				SWIFT_EMIT_LOC_STRINGS = NO;
				SWIFT_VERSION = 5.0;
				TEST_TARGET_NAME = opwatcher;
			};
			name = Release;
		};
/* End XCBuildConfiguration section */

/* Begin XCConfigurationList section */
		284ABD7E2D4DB8390036B99B /* Build configuration list for PBXProject "One Piece Watcher" */ = {
			isa = XCConfigurationList;
			buildConfigurations = (
				284ABDA62D4DB83D0036B99B /* Debug */,
				284ABDA72D4DB83D0036B99B /* Release */,
			);
			defaultConfigurationIsVisible = 0;
			defaultConfigurationName = Release;
		};
		284ABDA82D4DB83D0036B99B /* Build configuration list for PBXNativeTarget "One Piece Watcher" */ = {
			isa = XCConfigurationList;
			buildConfigurations = (
				284ABDA92D4DB83D0036B99B /* Debug */,
				284ABDAA2D4DB83D0036B99B /* Release */,
			);
			defaultConfigurationIsVisible = 0;
			defaultConfigurationName = Release;
		};
		284ABDAB2D4DB83D0036B99B /* Build configuration list for PBXNativeTarget "One Piece WatcherTests" */ = {
			isa = XCConfigurationList;
			buildConfigurations = (
				284ABDAC2D4DB83D0036B99B /* Debug */,
				284ABDAD2D4DB83D0036B99B /* Release */,
			);
			defaultConfigurationIsVisible = 0;
			defaultConfigurationName = Release;
		};
		284ABDAE2D4DB83D0036B99B /* Build configuration list for PBXNativeTarget "One Piece WatcherUITests" */ = {
			isa = XCConfigurationList;
			buildConfigurations = (
				284ABDAF2D4DB83D0036B99B /* Debug */,
				284ABDB02D4DB83D0036B99B /* Release */,
			);
			defaultConfigurationIsVisible = 0;
			defaultConfigurationName = Release;
		};
/* End XCConfigurationList section */
	};
	rootObject = 284ABD7B2D4DB8390036B99B /* Project object */;
}
